
Microsoft Visual Studio Solution File, Format Version 12.00
# Visual Studio Version 16
VisualStudioVersion = 16.0.32126.315
MinimumVisualStudioVersion = 10.0.40219.1
Project("{FAE04EC0-301F-11D3-BF4B-00C04F79EFBC}") = "TestAutomationCentralLocationFinalTaskCSharp", "TestAutomationCentralLocationFinalTaskCSharp\TestAutomationCentralLocationFinalTaskCSharp.csproj", "{15C43643-6440-4688-B461-DE7053D2251F}"
EndProject
Global
	GlobalSection(SolutionConfigurationPlatforms) = preSolution
		Debug|Any CPU = Debug|Any CPU
		Release|Any CPU = Release|Any CPU
	EndGlobalSection
	GlobalSection(ProjectConfigurationPlatforms) = postSolution
		{15C43643-6440-4688-B461-DE7053D2251F}.Debug|Any CPU.ActiveCfg = Debug|Any CPU
		{15C43643-6440-4688-B461-DE7053D2251F}.Debug|Any CPU.Build.0 = Debug|Any CPU
		{15C43643-6440-4688-B461-DE7053D2251F}.Release|Any CPU.ActiveCfg = Release|Any CPU
		{15C43643-6440-4688-B461-DE7053D2251F}.Release|Any CPU.Build.0 = Release|Any CPU
	EndGlobalSection
	GlobalSection(SolutionProperties) = preSolution
		HideSolutionNode = FALSE
	EndGlobalSection
	GlobalSection(ExtensibilityGlobals) = postSolution
		SolutionGuid = {BC06C13D-5B80-47D0-B2C0-2BD6F7490272}
	EndGlobalSection
EndGlobal
